// !$*UTF8*$!
{
	archiveVersion = 1;
	classes = {
	};
	objectVersion = 50;
	objects = {

/* Begin PBXBuildFile section */
		EDAF07A12488017B00571118 /* AppDelegate.swift in Sources */ = {isa = PBXBuildFile; fileRef = EDAF07A02488017B00571118 /* AppDelegate.swift */; };
		EDAF07A32488017B00571118 /* SceneDelegate.swift in Sources */ = {isa = PBXBuildFile; fileRef = EDAF07A22488017B00571118 /* SceneDelegate.swift */; };
		EDAF07A52488017B00571118 /* ViewController.swift in Sources */ = {isa = PBXBuildFile; fileRef = EDAF07A42488017B00571118 /* ViewController.swift */; };
		EDAF07A82488017B00571118 /* Main.storyboard in Resources */ = {isa = PBXBuildFile; fileRef = EDAF07A62488017B00571118 /* Main.storyboard */; };
		EDAF07AA2488017D00571118 /* Assets.xcassets in Resources */ = {isa = PBXBuildFile; fileRef = EDAF07A92488017D00571118 /* Assets.xcassets */; };
		EDAF07AD2488017D00571118 /* LaunchScreen.storyboard in Resources */ = {isa = PBXBuildFile; fileRef = EDAF07AB2488017D00571118 /* LaunchScreen.storyboard */; };
/* End PBXBuildFile section */

/* Begin PBXFileReference section */
		EDAF079D2488017B00571118 /* FlatFormTextFieldDemo.app */ = {isa = PBXFileReference; explicitFileType = wrapper.application; includeInIndex = 0; path = FlatFormTextFieldDemo.app; sourceTree = BUILT_PRODUCTS_DIR; };
		EDAF07A02488017B00571118 /* AppDelegate.swift */ = {isa = PBXFileReference; lastKnownFileType = sourcecode.swift; path = AppDelegate.swift; sourceTree = "<group>"; };
		EDAF07A22488017B00571118 /* SceneDelegate.swift */ = {isa = PBXFileReference; lastKnownFileType = sourcecode.swift; path = SceneDelegate.swift; sourceTree = "<group>"; };
		EDAF07A42488017B00571118 /* ViewController.swift */ = {isa = PBXFileReference; lastKnownFileType = sourcecode.swift; path = ViewController.swift; sourceTree = "<group>"; };
		EDAF07A72488017B00571118 /* Base */ = {isa = PBXFileReference; lastKnownFileType = file.storyboard; name = Base; path = Base.lproj/Main.storyboard; sourceTree = "<group>"; };
		EDAF07A92488017D00571118 /* Assets.xcassets */ = {isa = PBXFileReference; lastKnownFileType = folder.assetcatalog; path = Assets.xcassets; sourceTree = "<group>"; };
		EDAF07AC2488017D00571118 /* Base */ = {isa = PBXFileReference; lastKnownFileType = file.storyboard; name = Base; path = Base.lproj/LaunchScreen.storyboard; sourceTree = "<group>"; };
		EDAF07AE2488017D00571118 /* Info.plist */ = {isa = PBXFileReference; lastKnownFileType = text.plist.xml; path = Info.plist; sourceTree = "<group>"; };
/* End PBXFileReference section */

/* Begin PBXFrameworksBuildPhase section */
		EDAF079A2488017B00571118 /* Frameworks */ = {
			isa = PBXFrameworksBuildPhase;
			buildActionMask = 2147483647;
			files = (
			);
			runOnlyForDeploymentPostprocessing = 0;
		};
/* End PBXFrameworksBuildPhase section */

/* Begin PBXGroup section */
		EDAF07942488017B00571118 = {
			isa = PBXGroup;
			children = (
				EDAF079F2488017B00571118 /* FlatFormTextFieldDemo */,
				EDAF079E2488017B00571118 /* Products */,
			);
			sourceTree = "<group>";
		};
		EDAF079E2488017B00571118 /* Products */ = {
			isa = PBXGroup;
			children = (
				EDAF079D2488017B00571118 /* FlatFormTextFieldDemo.app */,
			);
			name = Products;
			sourceTree = "<group>";
		};
		EDAF079F2488017B00571118 /* FlatFormTextFieldDemo */ = {
			isa = PBXGroup;
			children = (
				EDAF07A02488017B00571118 /* AppDelegate.swift */,
				EDAF07A22488017B00571118 /* SceneDelegate.swift */,
				EDAF07A42488017B00571118 /* ViewController.swift */,
				EDAF07A62488017B00571118 /* Main.storyboard */,
				EDAF07A92488017D00571118 /* Assets.xcassets */,
				EDAF07AB2488017D00571118 /* LaunchScreen.storyboard */,
				EDAF07AE2488017D00571118 /* Info.plist */,
			);
			path = FlatFormTextFieldDemo;
			sourceTree = "<group>";
		};
/* End PBXGroup section */

/* Begin PBXNativeTarget section */
		EDAF079C2488017B00571118 /* FlatFormTextFieldDemo */ = {
			isa = PBXNativeTarget;
			buildConfigurationList = EDAF07B12488017D00571118 /* Build configuration list for PBXNativeTarget "FlatFormTextFieldDemo" */;
			buildPhases = (
				EDAF07992488017B00571118 /* Sources */,
				EDAF079A2488017B00571118 /* Frameworks */,
				EDAF079B2488017B00571118 /* Resources */,
			);
			buildRules = (
			);
			dependencies = (
			);
			name = FlatFormTextFieldDemo;
			productName = FlatFormTextFieldDemo;
			productReference = EDAF079D2488017B00571118 /* FlatFormTextFieldDemo.app */;
			productType = "com.apple.product-type.application";
		};
/* End PBXNativeTarget section */

/* Begin PBXProject section */
		EDAF07952488017B00571118 /* Project object */ = {
			isa = PBXProject;
			attributes = {
				LastSwiftUpdateCheck = 1140;
				LastUpgradeCheck = 1140;
				ORGANIZATIONNAME = 1SE;
				TargetAttributes = {
					EDAF079C2488017B00571118 = {
						CreatedOnToolsVersion = 11.4.1;
					};
				};
			};
			buildConfigurationList = EDAF07982488017B00571118 /* Build configuration list for PBXProject "FlatFormTextFieldDemo" */;
			compatibilityVersion = "Xcode 9.3";
			developmentRegion = en;
			hasScannedForEncodings = 0;
			knownRegions = (
				en,
				Base,
			);
			mainGroup = EDAF07942488017B00571118;
			productRefGroup = EDAF079E2488017B00571118 /* Products */;
			projectDirPath = "";
			projectRoot = "";
			targets = (
				EDAF079C2488017B00571118 /* FlatFormTextFieldDemo */,
			);
		};
/* End PBXProject section */

/* Begin PBXResourcesBuildPhase section */
		EDAF079B2488017B00571118 /* Resources */ = {
			isa = PBXResourcesBuildPhase;
			buildActionMask = 2147483647;
			files = (
				EDAF07AD2488017D00571118 /* LaunchScreen.storyboard in Resources */,
				EDAF07AA2488017D00571118 /* Assets.xcassets in Resources */,
				EDAF07A82488017B00571118 /* Main.storyboard in Resources */,
			);
			runOnlyForDeploymentPostprocessing = 0;
		};
/* End PBXResourcesBuildPhase section */

/* Begin PBXSourcesBuildPhase section */
		EDAF07992488017B00571118 /* Sources */ = {
			isa = PBXSourcesBuildPhase;
			buildActionMask = 2147483647;
			files = (
				EDAF07A52488017B00571118 /* ViewController.swift in Sources */,
				EDAF07A12488017B00571118 /* AppDelegate.swift in Sources */,
				EDAF07A32488017B00571118 /* SceneDelegate.swift in Sources */,
			);
			runOnlyForDeploymentPostprocessing = 0;
		};
/* End PBXSourcesBuildPhase section */

/* Begin PBXVariantGroup section */
		EDAF07A62488017B00571118 /* Main.storyboard */ = {
			isa = PBXVariantGroup;
			children = (
				EDAF07A72488017B00571118 /* Base */,
			);
			name = Main.storyboard;
			sourceTree = "<group>";
		};
		EDAF07AB2488017D00571118 /* LaunchScreen.storyboard */ = {
			isa = PBXVariantGroup;
			children = (
				EDAF07AC2488017D00571118 /* Base */,
			);
			name = LaunchScreen.storyboard;
			sourceTree = "<group>";
		};
/* End PBXVariantGroup section */

/* Begin XCBuildConfiguration section */
		EDAF07AF2488017D00571118 /* Debug */ = {
			isa = XCBuildConfiguration;
			buildSettings = {
				ALWAYS_SEARCH_USER_PATHS = NO;
				CLANG_ANALYZER_NONNULL = YES;
				CLANG_ANALYZER_NUMBER_OBJECT_CONVERSION = YES_AGGRESSIVE;
				CLANG_CXX_LANGUAGE_STANDARD = "gnu++14";
				CLANG_CXX_LIBRARY = "libc++";
				CLANG_ENABLE_MODULES = YES;
				CLANG_ENABLE_OBJC_ARC = YES;
				CLANG_ENABLE_OBJC_WEAK = YES;
				CLANG_WARN_BLOCK_CAPTURE_AUTORELEASING = YES;
				CLANG_WARN_BOOL_CONVERSION = YES;
				CLANG_WARN_COMMA = YES;
				CLANG_WARN_CONSTANT_CONVERSION = YES;
				CLANG_WARN_DEPRECATED_OBJC_IMPLEMENTATIONS = YES;
				CLANG_WARN_DIRECT_OBJC_ISA_USAGE = YES_ERROR;
				CLANG_WARN_DOCUMENTATION_COMMENTS = YES;
				CLANG_WARN_EMPTY_BODY = YES;
				CLANG_WARN_ENUM_CONVERSION = YES;
				CLANG_WARN_INFINITE_RECURSION = YES;
				CLANG_WARN_INT_CONVERSION = YES;
				CLANG_WARN_NON_LITERAL_NULL_CONVERSION = YES;
				CLANG_WARN_OBJC_IMPLICIT_RETAIN_SELF = YES;
				CLANG_WARN_OBJC_LITERAL_CONVERSION = YES;
				CLANG_WARN_OBJC_ROOT_CLASS = YES_ERROR;
				CLANG_WARN_RANGE_LOOP_ANALYSIS = YES;
				CLANG_WARN_STRICT_PROTOTYPES = YES;
				CLANG_WARN_SUSPICIOUS_MOVE = YES;
				CLANG_WARN_UNGUARDED_AVAILABILITY = YES_AGGRESSIVE;
				CLANG_WARN_UNREACHABLE_CODE = YES;
				CLANG_WARN__DUPLICATE_METHOD_MATCH = YES;
				COPY_PHASE_STRIP = NO;
				DEBUG_INFORMATION_FORMAT = dwarf;
				ENABLE_STRICT_OBJC_MSGSEND = YES;
				ENABLE_TESTABILITY = YES;
				GCC_C_LANGUAGE_STANDARD = gnu11;
				GCC_DYNAMIC_NO_PIC = NO;
				GCC_NO_COMMON_BLOCKS = YES;
				GCC_OPTIMIZATION_LEVEL = 0;
				GCC_PREPROCESSOR_DEFINITIONS = (
					"DEBUG=1",
					"$(inherited)",
				);
				GCC_WARN_64_TO_32_BIT_CONVERSION = YES;
				GCC_WARN_ABOUT_RETURN_TYPE = YES_ERROR;
				GCC_WARN_UNDECLARED_SELECTOR = YES;
				GCC_WARN_UNINITIALIZED_AUTOS = YES_AGGRESSIVE;
				GCC_WARN_UNUSED_FUNCTION = YES;
				GCC_WARN_UNUSED_VARIABLE = YES;
				IPHONEOS_DEPLOYMENT_TARGET = 13.4;
				MTL_ENABLE_DEBUG_INFO = INCLUDE_SOURCE;
				MTL_FAST_MATH = YES;
				ONLY_ACTIVE_ARCH = YES;
				SDKROOT = iphoneos;
				SWIFT_ACTIVE_COMPILATION_CONDITIONS = DEBUG;
				SWIFT_OPTIMIZATION_LEVEL = "-Onone";
			};
			name = Debug;
		};
		EDAF07B02488017D00571118 /* Release */ = {
			isa = XCBuildConfiguration;
			buildSettings = {
				ALWAYS_SEARCH_USER_PATHS = NO;
				CLANG_ANALYZER_NONNULL = YES;
				CLANG_ANALYZER_NUMBER_OBJECT_CONVERSION = YES_AGGRESSIVE;
				CLANG_CXX_LANGUAGE_STANDARD = "gnu++14";
				CLANG_CXX_LIBRARY = "libc++";
				CLANG_ENABLE_MODULES = YES;
				CLANG_ENABLE_OBJC_ARC = YES;
				CLANG_ENABLE_OBJC_WEAK = YES;
				CLANG_WARN_BLOCK_CAPTURE_AUTORELEASING = YES;
				CLANG_WARN_BOOL_CONVERSION = YES;
				CLANG_WARN_COMMA = YES;
				CLANG_WARN_CONSTANT_CONVERSION = YES;
				CLANG_WARN_DEPRECATED_OBJC_IMPLEMENTATIONS = YES;
				CLANG_WARN_DIRECT_OBJC_ISA_USAGE = YES_ERROR;
				CLANG_WARN_DOCUMENTATION_COMMENTS = YES;
				CLANG_WARN_EMPTY_BODY = YES;
				CLANG_WARN_ENUM_CONVERSION = YES;
				CLANG_WARN_INFINITE_RECURSION = YES;
				CLANG_WARN_INT_CONVERSION = YES;
				CLANG_WARN_NON_LITERAL_NULL_CONVERSION = YES;
				CLANG_WARN_OBJC_IMPLICIT_RETAIN_SELF = YES;
				CLANG_WARN_OBJC_LITERAL_CONVERSION = YES;
				CLANG_WARN_OBJC_ROOT_CLASS = YES_ERROR;
				CLANG_WARN_RANGE_LOOP_ANALYSIS = YES;
				CLANG_WARN_STRICT_PROTOTYPES = YES;
				CLANG_WARN_SUSPICIOUS_MOVE = YES;
				CLANG_WARN_UNGUARDED_AVAILABILITY = YES_AGGRESSIVE;
				CLANG_WARN_UNREACHABLE_CODE = YES;
				CLANG_WARN__DUPLICATE_METHOD_MATCH = YES;
				COPY_PHASE_STRIP = NO;
				DEBUG_INFORMATION_FORMAT = "dwarf-with-dsym";
				ENABLE_NS_ASSERTIONS = NO;
				ENABLE_STRICT_OBJC_MSGSEND = YES;
				GCC_C_LANGUAGE_STANDARD = gnu11;
				GCC_NO_COMMON_BLOCKS = YES;
				GCC_WARN_64_TO_32_BIT_CONVERSION = YES;
				GCC_WARN_ABOUT_RETURN_TYPE = YES_ERROR;
				GCC_WARN_UNDECLARED_SELECTOR = YES;
				GCC_WARN_UNINITIALIZED_AUTOS = YES_AGGRESSIVE;
				GCC_WARN_UNUSED_FUNCTION = YES;
				GCC_WARN_UNUSED_VARIABLE = YES;
				IPHONEOS_DEPLOYMENT_TARGET = 13.4;
				MTL_ENABLE_DEBUG_INFO = NO;
				MTL_FAST_MATH = YES;
				SDKROOT = iphoneos;
				SWIFT_COMPILATION_MODE = wholemodule;
				SWIFT_OPTIMIZATION_LEVEL = "-O";
				VALIDATE_PRODUCT = YES;
			};
			name = Release;
		};
		EDAF07B22488017D00571118 /* Debug */ = {
			isa = XCBuildConfiguration;
			buildSettings = {
				ASSETCATALOG_COMPILER_APPICON_NAME = AppIcon;
				CODE_SIGN_STYLE = Automatic;
				DEVELOPMENT_TEAM = QE4PFXDL4H;
				INFOPLIST_FILE = FlatFormTextFieldDemo/Info.plist;
				LD_RUNPATH_SEARCH_PATHS = (
					"$(inherited)",
					"@executable_path/Frameworks",
				);
				PRODUCT_BUNDLE_IDENTIFIER = com.1SE.FlatFormTextField.FlatFormTextFieldDemo;
				PRODUCT_NAME = "$(TARGET_NAME)";
				SWIFT_VERSION = 5.0;
				TARGETED_DEVICE_FAMILY = "1,2";
			};
			name = Debug;
		};
		EDAF07B32488017D00571118 /* Release */ = {
			isa = XCBuildConfiguration;
			buildSettings = {
				ASSETCATALOG_COMPILER_APPICON_NAME = AppIcon;
				CODE_SIGN_STYLE = Automatic;
				DEVELOPMENT_TEAM = QE4PFXDL4H;
				INFOPLIST_FILE = FlatFormTextFieldDemo/Info.plist;
				LD_RUNPATH_SEARCH_PATHS = (
					"$(inherited)",
					"@executable_path/Frameworks",
				);
				PRODUCT_BUNDLE_IDENTIFIER = com.1SE.FlatFormTextField.FlatFormTextFieldDemo;
				PRODUCT_NAME = "$(TARGET_NAME)";
				SWIFT_VERSION = 5.0;
				TARGETED_DEVICE_FAMILY = "1,2";
			};
			name = Release;
		};
/* End XCBuildConfiguration section */

/* Begin XCConfigurationList section */
		EDAF07982488017B00571118 /* Build configuration list for PBXProject "FlatFormTextFieldDemo" */ = {
			isa = XCConfigurationList;
			buildConfigurations = (
				EDAF07AF2488017D00571118 /* Debug */,
				EDAF07B02488017D00571118 /* Release */,
			);
			defaultConfigurationIsVisible = 0;
			defaultConfigurationName = Release;
		};
		EDAF07B12488017D00571118 /* Build configuration list for PBXNativeTarget "FlatFormTextFieldDemo" */ = {
			isa = XCConfigurationList;
			buildConfigurations = (
				EDAF07B22488017D00571118 /* Debug */,
				EDAF07B32488017D00571118 /* Release */,
			);
			defaultConfigurationIsVisible = 0;
			defaultConfigurationName = Release;
		};
/* End XCConfigurationList section */
	};
	rootObject = EDAF07952488017B00571118 /* Project object */;
}
